
Microsoft Visual Studio Solution File, Format Version 12.00
# Visual Studio Version 17
VisualStudioVersion = 17.3.32825.248
MinimumVisualStudioVersion = 10.0.40219.1
Project("{8BC9CEB8-8B4A-11D0-8D11-00A0C91BC942}") = "Vector", "Project1\Project1.vcxproj", "{17451413-D112-444C-B412-450954F7DF7A}"
EndProject
Project("{8BC9CEB8-8B4A-11D0-8D11-00A0C91BC942}") = "LinearALGEBRA", "LinearALGEBRA\LinearALGEBRA.vcxproj", "{4FAAC039-F92C-4683-84C9-6F69285E6FE1}"
EndProject
Project("{FAE04EC0-301F-11D3-BF4B-00C04F79EFBC}") = "AIBackEnd", "AIBackEnd\AIBackEnd.csproj", "{F4658A87-1438-45EB-AA05-09DF173C5976}"
EndProject
Global
	GlobalSection(SolutionConfigurationPlatforms) = preSolution
		Debug|Any CPU = Debug|Any CPU
		Debug|x64 = Debug|x64
		Debug|x86 = Debug|x86
		Release|Any CPU = Release|Any CPU
		Release|x64 = Release|x64
		Release|x86 = Release|x86
	EndGlobalSection
	GlobalSection(ProjectConfigurationPlatforms) = postSolution
		{17451413-D112-444C-B412-450954F7DF7A}.Debug|Any CPU.ActiveCfg = Debug|x64
		{17451413-D112-444C-B412-450954F7DF7A}.Debug|Any CPU.Build.0 = Debug|x64
		{17451413-D112-444C-B412-450954F7DF7A}.Debug|x64.ActiveCfg = Debug|x64
		{17451413-D112-444C-B412-450954F7DF7A}.Debug|x64.Build.0 = Debug|x64
		{17451413-D112-444C-B412-450954F7DF7A}.Debug|x86.ActiveCfg = Debug|Win32
		{17451413-D112-444C-B412-450954F7DF7A}.Debug|x86.Build.0 = Debug|Win32
		{17451413-D112-444C-B412-450954F7DF7A}.Release|Any CPU.ActiveCfg = Release|x64
		{17451413-D112-444C-B412-450954F7DF7A}.Release|Any CPU.Build.0 = Release|x64
		{17451413-D112-444C-B412-450954F7DF7A}.Release|x64.ActiveCfg = Release|x64
		{17451413-D112-444C-B412-450954F7DF7A}.Release|x64.Build.0 = Release|x64
		{17451413-D112-444C-B412-450954F7DF7A}.Release|x86.ActiveCfg = Release|Win32
		{17451413-D112-444C-B412-450954F7DF7A}.Release|x86.Build.0 = Release|Win32
		{4FAAC039-F92C-4683-84C9-6F69285E6FE1}.Debug|Any CPU.ActiveCfg = Debug|x64
		{4FAAC039-F92C-4683-84C9-6F69285E6FE1}.Debug|Any CPU.Build.0 = Debug|x64
		{4FAAC039-F92C-4683-84C9-6F69285E6FE1}.Debug|x64.ActiveCfg = Debug|x64
		{4FAAC039-F92C-4683-84C9-6F69285E6FE1}.Debug|x64.Build.0 = Debug|x64
		{4FAAC039-F92C-4683-84C9-6F69285E6FE1}.Debug|x86.ActiveCfg = Debug|Win32
		{4FAAC039-F92C-4683-84C9-6F69285E6FE1}.Debug|x86.Build.0 = Debug|Win32
		{4FAAC039-F92C-4683-84C9-6F69285E6FE1}.Release|Any CPU.ActiveCfg = Release|x64
		{4FAAC039-F92C-4683-84C9-6F69285E6FE1}.Release|Any CPU.Build.0 = Release|x64
		{4FAAC039-F92C-4683-84C9-6F69285E6FE1}.Release|x64.ActiveCfg = Release|x64
		{4FAAC039-F92C-4683-84C9-6F69285E6FE1}.Release|x64.Build.0 = Release|x64
		{4FAAC039-F92C-4683-84C9-6F69285E6FE1}.Release|x86.ActiveCfg = Release|Win32
		{4FAAC039-F92C-4683-84C9-6F69285E6FE1}.Release|x86.Build.0 = Release|Win32
		{F4658A87-1438-45EB-AA05-09DF173C5976}.Debug|Any CPU.ActiveCfg = Debug|Any CPU
		{F4658A87-1438-45EB-AA05-09DF173C5976}.Debug|Any CPU.Build.0 = Debug|Any CPU
		{F4658A87-1438-45EB-AA05-09DF173C5976}.Debug|x64.ActiveCfg = Debug|Any CPU
		{F4658A87-1438-45EB-AA05-09DF173C5976}.Debug|x64.Build.0 = Debug|Any CPU
		{F4658A87-1438-45EB-AA05-09DF173C5976}.Debug|x86.ActiveCfg = Debug|Any CPU
		{F4658A87-1438-45EB-AA05-09DF173C5976}.Debug|x86.Build.0 = Debug|Any CPU
		{F4658A87-1438-45EB-AA05-09DF173C5976}.Release|Any CPU.ActiveCfg = Release|Any CPU
		{F4658A87-1438-45EB-AA05-09DF173C5976}.Release|Any CPU.Build.0 = Release|Any CPU
		{F4658A87-1438-45EB-AA05-09DF173C5976}.Release|x64.ActiveCfg = Release|Any CPU
		{F4658A87-1438-45EB-AA05-09DF173C5976}.Release|x64.Build.0 = Release|Any CPU
		{F4658A87-1438-45EB-AA05-09DF173C5976}.Release|x86.ActiveCfg = Release|Any CPU
		{F4658A87-1438-45EB-AA05-09DF173C5976}.Release|x86.Build.0 = Release|Any CPU
	EndGlobalSection
	GlobalSection(SolutionProperties) = preSolution
		HideSolutionNode = FALSE
	EndGlobalSection
	GlobalSection(ExtensibilityGlobals) = postSolution
		SolutionGuid = {FC1DABB4-17B3-4100-8DD9-DD0D061387CD}
	EndGlobalSection
EndGlobal
